{
  "requires": true,
  "lockfileVersion": 1,
  "dependencies": {
    "@vueuse/core": {
      "version": "8.6.0",
      "resolved": "https://registry.npmjs.org/@vueuse/core/-/core-8.6.0.tgz",
      "integrity": "sha512-VirzExCm/N+QdrEWT7J4uSrvJ5hquKIAU9alQ37kUvIJk9XxCLxmfRnmekYc1kz2+6BnoyuKYXVmrMV351CB4w==",
      "requires": {
        "@vueuse/metadata": "8.6.0",
        "@vueuse/shared": "8.6.0",
        "vue-demi": "*"
      }
    },
    "@vueuse/metadata": {
      "version": "8.6.0",
      "resolved": "https://registry.npmjs.org/@vueuse/metadata/-/metadata-8.6.0.tgz",
      "integrity": "sha512-F+CKPvaExsm7QgRr8y+ZNJFwXasn89rs5wth/HeX9lJ1q8XEt+HJ16Q5Sxh4rfG5YSKXrStveVge8TKvPjMjFA=="
    },
    "@vueuse/shared": {
      "version": "8.6.0",
      "resolved": "https://registry.npmjs.org/@vueuse/shared/-/shared-8.6.0.tgz",
      "integrity": "sha512-Y/IVywZo7IfEoSSEtCYpkVEmPV7pU35mEIxV7PbD/D3ly18B3mEsBaPbtDkNM/QP3zAZ5mn4nEkOfddX4uwuIA==",
      "requires": {
        "vue-demi": "*"
      }
    },
    "vue-demi": {
      "version": "0.13.1",
      "resolved": "https://registry.npmjs.org/vue-demi/-/vue-demi-0.13.1.tgz",
      "integrity": "sha512-xmkJ56koG3ptpLnpgmIzk9/4nFf4CqduSJbUM0OdPoU87NwRuZ6x49OLhjSa/fC15fV+5CbEnrxU4oyE022svg=="
    }
  }
}
